
Microsoft Visual Studio Solution File, Format Version 12.00
# Visual Studio 14
VisualStudioVersion = 14.0.24720.0
MinimumVisualStudioVersion = 10.0.40219.1
Project("{FAE04EC0-301F-11D3-BF4B-00C04F79EFBC}") = "Grevit.Types", "Grevit.Types\Grevit.Types.csproj", "{4E16464A-4495-4A27-B810-A54F9CE3D191}"
EndProject
Project("{FAE04EC0-301F-11D3-BF4B-00C04F79EFBC}") = "Grevit.GrassHopper", "Grevit.Grasshopper\Grevit.GrassHopper.csproj", "{B34038F6-82A6-428C-9D1B-D8FA40527EF9}"
EndProject
Project("{54435603-DBB4-11D2-8724-00A0C9A8B90C}") = "Grevit.Installer", "Grevit.Installer\GrevitInstaller.vdproj", "{FC8F9BB5-5915-4EB9-B1B5-BBFE02058115}"
EndProject
Project("{FAE04EC0-301F-11D3-BF4B-00C04F79EFBC}") = "Grevit.Revit.2016", "Grevit.Revit.2016\Grevit.Revit.2016.csproj", "{9E52B6AD-6F0E-4D36-8E81-4E0C76B5C5D3}"
EndProject
Project("{FAE04EC0-301F-11D3-BF4B-00C04F79EFBC}") = "Grevit.Revit", "Grevit.Revit\Grevit.Revit.csproj", "{F696EC24-DE61-4BF2-AE01-A22994B220F5}"
EndProject
Project("{FAE04EC0-301F-11D3-BF4B-00C04F79EFBC}") = "Grevit.AutoCAD", "Grevit.AutoCad\Grevit.AutoCAD.csproj", "{BD218AED-E5BA-4F20-86D7-711F659A636B}"
EndProject
Project("{2150E333-8FDC-42A3-9474-1A3956D46DE8}") = "Core", "Core", "{E2C92A33-0613-453A-BF85-C934E2099A6C}"
EndProject
Project("{2150E333-8FDC-42A3-9474-1A3956D46DE8}") = "Platforms", "Platforms", "{C4D07AA9-402E-41C4-BFAD-9FA21646A621}"
EndProject
Project("{FAE04EC0-301F-11D3-BF4B-00C04F79EFBC}") = "Grevit.SketchUp", "Grevit.SketchUp\Grevit.SketchUp.csproj", "{2891A8C7-84E9-414C-987A-B1ED73802203}"
EndProject
Project("{FAE04EC0-301F-11D3-BF4B-00C04F79EFBC}") = "Grevit.PDF", "Grevit.PDF\Grevit.PDF.csproj", "{92BBF3EB-C3CC-4779-B172-CA87C78B0FA0}"
EndProject
Project("{FAE04EC0-301F-11D3-BF4B-00C04F79EFBC}") = "Grevit.Revit.2017", "Grevit.Revit.2017\Grevit.Revit.2017.csproj", "{0997B88A-23F6-446D-BEC7-CB68AC05F820}"
EndProject
Project("{FAE04EC0-301F-11D3-BF4B-00C04F79EFBC}") = "Grevit.Revit.2018", "Grevit.Revit.2018\Grevit.Revit.2018.csproj", "{4DA1BFFF-AFC7-4012-A241-ED5F7CDF1945}"
EndProject
Global
	GlobalSection(SolutionConfigurationPlatforms) = preSolution
		Debug|Any CPU = Debug|Any CPU
		Debug|x64 = Debug|x64
		Release|Any CPU = Release|Any CPU
		Release|x64 = Release|x64
	EndGlobalSection
	GlobalSection(ProjectConfigurationPlatforms) = postSolution
		{4E16464A-4495-4A27-B810-A54F9CE3D191}.Debug|Any CPU.ActiveCfg = Debug|Any CPU
		{4E16464A-4495-4A27-B810-A54F9CE3D191}.Debug|Any CPU.Build.0 = Debug|Any CPU
		{4E16464A-4495-4A27-B810-A54F9CE3D191}.Debug|x64.ActiveCfg = Debug|x64
		{4E16464A-4495-4A27-B810-A54F9CE3D191}.Debug|x64.Build.0 = Debug|x64
		{4E16464A-4495-4A27-B810-A54F9CE3D191}.Release|Any CPU.ActiveCfg = Release|Any CPU
		{4E16464A-4495-4A27-B810-A54F9CE3D191}.Release|Any CPU.Build.0 = Release|Any CPU
		{4E16464A-4495-4A27-B810-A54F9CE3D191}.Release|x64.ActiveCfg = Release|x64
		{4E16464A-4495-4A27-B810-A54F9CE3D191}.Release|x64.Build.0 = Release|x64
		{B34038F6-82A6-428C-9D1B-D8FA40527EF9}.Debug|Any CPU.ActiveCfg = Debug|Any CPU
		{B34038F6-82A6-428C-9D1B-D8FA40527EF9}.Debug|Any CPU.Build.0 = Debug|Any CPU
		{B34038F6-82A6-428C-9D1B-D8FA40527EF9}.Debug|x64.ActiveCfg = Debug|x64
		{B34038F6-82A6-428C-9D1B-D8FA40527EF9}.Debug|x64.Build.0 = Debug|x64
		{B34038F6-82A6-428C-9D1B-D8FA40527EF9}.Release|Any CPU.ActiveCfg = Release|Any CPU
		{B34038F6-82A6-428C-9D1B-D8FA40527EF9}.Release|Any CPU.Build.0 = Release|Any CPU
		{B34038F6-82A6-428C-9D1B-D8FA40527EF9}.Release|x64.ActiveCfg = Release|x64
		{B34038F6-82A6-428C-9D1B-D8FA40527EF9}.Release|x64.Build.0 = Release|x64
		{FC8F9BB5-5915-4EB9-B1B5-BBFE02058115}.Debug|Any CPU.ActiveCfg = Debug
		{FC8F9BB5-5915-4EB9-B1B5-BBFE02058115}.Debug|Any CPU.Build.0 = Debug
		{FC8F9BB5-5915-4EB9-B1B5-BBFE02058115}.Debug|x64.ActiveCfg = Debug
		{FC8F9BB5-5915-4EB9-B1B5-BBFE02058115}.Debug|x64.Build.0 = Debug
		{FC8F9BB5-5915-4EB9-B1B5-BBFE02058115}.Release|Any CPU.ActiveCfg = Release
		{FC8F9BB5-5915-4EB9-B1B5-BBFE02058115}.Release|Any CPU.Build.0 = Release
		{FC8F9BB5-5915-4EB9-B1B5-BBFE02058115}.Release|x64.ActiveCfg = Release
		{FC8F9BB5-5915-4EB9-B1B5-BBFE02058115}.Release|x64.Build.0 = Release
		{9E52B6AD-6F0E-4D36-8E81-4E0C76B5C5D3}.Debug|Any CPU.ActiveCfg = Debug|Any CPU
		{9E52B6AD-6F0E-4D36-8E81-4E0C76B5C5D3}.Debug|Any CPU.Build.0 = Debug|Any CPU
		{9E52B6AD-6F0E-4D36-8E81-4E0C76B5C5D3}.Debug|x64.ActiveCfg = Debug|Any CPU
		{9E52B6AD-6F0E-4D36-8E81-4E0C76B5C5D3}.Release|Any CPU.ActiveCfg = Release|Any CPU
		{9E52B6AD-6F0E-4D36-8E81-4E0C76B5C5D3}.Release|Any CPU.Build.0 = Release|Any CPU
		{9E52B6AD-6F0E-4D36-8E81-4E0C76B5C5D3}.Release|x64.ActiveCfg = Release|Any CPU
		{F696EC24-DE61-4BF2-AE01-A22994B220F5}.Debug|Any CPU.ActiveCfg = Debug|Any CPU
		{F696EC24-DE61-4BF2-AE01-A22994B220F5}.Debug|Any CPU.Build.0 = Debug|Any CPU
		{F696EC24-DE61-4BF2-AE01-A22994B220F5}.Debug|x64.ActiveCfg = Debug|x64
		{F696EC24-DE61-4BF2-AE01-A22994B220F5}.Debug|x64.Build.0 = Debug|x64
		{F696EC24-DE61-4BF2-AE01-A22994B220F5}.Release|Any CPU.ActiveCfg = Release|Any CPU
		{F696EC24-DE61-4BF2-AE01-A22994B220F5}.Release|Any CPU.Build.0 = Release|Any CPU
		{F696EC24-DE61-4BF2-AE01-A22994B220F5}.Release|x64.ActiveCfg = Release|x64
		{F696EC24-DE61-4BF2-AE01-A22994B220F5}.Release|x64.Build.0 = Release|x64
		{BD218AED-E5BA-4F20-86D7-711F659A636B}.Debug|Any CPU.ActiveCfg = Debug|Any CPU
		{BD218AED-E5BA-4F20-86D7-711F659A636B}.Debug|Any CPU.Build.0 = Debug|Any CPU
		{BD218AED-E5BA-4F20-86D7-711F659A636B}.Debug|x64.ActiveCfg = Debug|x64
		{BD218AED-E5BA-4F20-86D7-711F659A636B}.Debug|x64.Build.0 = Debug|x64
		{BD218AED-E5BA-4F20-86D7-711F659A636B}.Release|Any CPU.ActiveCfg = Release|Any CPU
		{BD218AED-E5BA-4F20-86D7-711F659A636B}.Release|Any CPU.Build.0 = Release|Any CPU
		{BD218AED-E5BA-4F20-86D7-711F659A636B}.Release|x64.ActiveCfg = Release|x64
		{BD218AED-E5BA-4F20-86D7-711F659A636B}.Release|x64.Build.0 = Release|x64
		{2891A8C7-84E9-414C-987A-B1ED73802203}.Debug|Any CPU.ActiveCfg = Debug|Any CPU
		{2891A8C7-84E9-414C-987A-B1ED73802203}.Debug|Any CPU.Build.0 = Debug|Any CPU
		{2891A8C7-84E9-414C-987A-B1ED73802203}.Debug|x64.ActiveCfg = Debug|x64
		{2891A8C7-84E9-414C-987A-B1ED73802203}.Debug|x64.Build.0 = Debug|x64
		{2891A8C7-84E9-414C-987A-B1ED73802203}.Release|Any CPU.ActiveCfg = Release|Any CPU
		{2891A8C7-84E9-414C-987A-B1ED73802203}.Release|Any CPU.Build.0 = Release|Any CPU
		{2891A8C7-84E9-414C-987A-B1ED73802203}.Release|x64.ActiveCfg = Release|x64
		{2891A8C7-84E9-414C-987A-B1ED73802203}.Release|x64.Build.0 = Release|x64
		{92BBF3EB-C3CC-4779-B172-CA87C78B0FA0}.Debug|Any CPU.ActiveCfg = Debug|Any CPU
		{92BBF3EB-C3CC-4779-B172-CA87C78B0FA0}.Debug|Any CPU.Build.0 = Debug|Any CPU
		{92BBF3EB-C3CC-4779-B172-CA87C78B0FA0}.Debug|x64.ActiveCfg = Debug|Any CPU
		{92BBF3EB-C3CC-4779-B172-CA87C78B0FA0}.Release|Any CPU.ActiveCfg = Release|Any CPU
		{92BBF3EB-C3CC-4779-B172-CA87C78B0FA0}.Release|Any CPU.Build.0 = Release|Any CPU
		{92BBF3EB-C3CC-4779-B172-CA87C78B0FA0}.Release|x64.ActiveCfg = Release|Any CPU
		{0997B88A-23F6-446D-BEC7-CB68AC05F820}.Debug|Any CPU.ActiveCfg = Debug|Any CPU
		{0997B88A-23F6-446D-BEC7-CB68AC05F820}.Debug|Any CPU.Build.0 = Debug|Any CPU
		{0997B88A-23F6-446D-BEC7-CB68AC05F820}.Debug|x64.ActiveCfg = Debug|Any CPU
		{0997B88A-23F6-446D-BEC7-CB68AC05F820}.Release|Any CPU.ActiveCfg = Release|Any CPU
		{0997B88A-23F6-446D-BEC7-CB68AC05F820}.Release|Any CPU.Build.0 = Release|Any CPU
		{0997B88A-23F6-446D-BEC7-CB68AC05F820}.Release|x64.ActiveCfg = Release|Any CPU
		{4DA1BFFF-AFC7-4012-A241-ED5F7CDF1945}.Debug|Any CPU.ActiveCfg = Debug|Any CPU
		{4DA1BFFF-AFC7-4012-A241-ED5F7CDF1945}.Debug|Any CPU.Build.0 = Debug|Any CPU
		{4DA1BFFF-AFC7-4012-A241-ED5F7CDF1945}.Debug|x64.ActiveCfg = Debug|Any CPU
		{4DA1BFFF-AFC7-4012-A241-ED5F7CDF1945}.Debug|x64.Build.0 = Debug|Any CPU
		{4DA1BFFF-AFC7-4012-A241-ED5F7CDF1945}.Release|Any CPU.ActiveCfg = Release|Any CPU
		{4DA1BFFF-AFC7-4012-A241-ED5F7CDF1945}.Release|Any CPU.Build.0 = Release|Any CPU
		{4DA1BFFF-AFC7-4012-A241-ED5F7CDF1945}.Release|x64.ActiveCfg = Release|Any CPU
		{4DA1BFFF-AFC7-4012-A241-ED5F7CDF1945}.Release|x64.Build.0 = Release|Any CPU
	EndGlobalSection
	GlobalSection(SolutionProperties) = preSolution
		HideSolutionNode = FALSE
	EndGlobalSection
	GlobalSection(NestedProjects) = preSolution
		{4E16464A-4495-4A27-B810-A54F9CE3D191} = {E2C92A33-0613-453A-BF85-C934E2099A6C}
		{B34038F6-82A6-428C-9D1B-D8FA40527EF9} = {C4D07AA9-402E-41C4-BFAD-9FA21646A621}
		{9E52B6AD-6F0E-4D36-8E81-4E0C76B5C5D3} = {C4D07AA9-402E-41C4-BFAD-9FA21646A621}
		{F696EC24-DE61-4BF2-AE01-A22994B220F5} = {C4D07AA9-402E-41C4-BFAD-9FA21646A621}
		{BD218AED-E5BA-4F20-86D7-711F659A636B} = {C4D07AA9-402E-41C4-BFAD-9FA21646A621}
		{2891A8C7-84E9-414C-987A-B1ED73802203} = {C4D07AA9-402E-41C4-BFAD-9FA21646A621}
		{92BBF3EB-C3CC-4779-B172-CA87C78B0FA0} = {C4D07AA9-402E-41C4-BFAD-9FA21646A621}
		{0997B88A-23F6-446D-BEC7-CB68AC05F820} = {C4D07AA9-402E-41C4-BFAD-9FA21646A621}
		{4DA1BFFF-AFC7-4012-A241-ED5F7CDF1945} = {C4D07AA9-402E-41C4-BFAD-9FA21646A621}
	EndGlobalSection
EndGlobal
